
Microsoft Visual Studio Solution File, Format Version 12.00
# Visual Studio Version 17
VisualStudioVersion = 17.3.32804.467
MinimumVisualStudioVersion = 10.0.40219.1
Project("{FAE04EC0-301F-11D3-BF4B-00C04F79EFBC}") = "repositorio", "repositorio\repositorio.csproj", "{7FEA77D2-48AA-4581-B20E-0AEF2D5A0364}"
EndProject
Global
	GlobalSection(SolutionConfigurationPlatforms) = preSolution
		Debug|Any CPU = Debug|Any CPU
		Release|Any CPU = Release|Any CPU
	EndGlobalSection
	GlobalSection(ProjectConfigurationPlatforms) = postSolution
		{7FEA77D2-48AA-4581-B20E-0AEF2D5A0364}.Debug|Any CPU.ActiveCfg = Debug|Any CPU
		{7FEA77D2-48AA-4581-B20E-0AEF2D5A0364}.Debug|Any CPU.Build.0 = Debug|Any CPU
		{7FEA77D2-48AA-4581-B20E-0AEF2D5A0364}.Release|Any CPU.ActiveCfg = Release|Any CPU
		{7FEA77D2-48AA-4581-B20E-0AEF2D5A0364}.Release|Any CPU.Build.0 = Release|Any CPU
	EndGlobalSection
	GlobalSection(SolutionProperties) = preSolution
		HideSolutionNode = FALSE
	EndGlobalSection
	GlobalSection(ExtensibilityGlobals) = postSolution
		SolutionGuid = {77A92FA5-2AA7-4949-A2E3-35D74AD7D17E}
	EndGlobalSection
EndGlobal
